
Microsoft Visual Studio Solution File, Format Version 12.00
Project("{FAE04EC0-301F-11D3-BF4B-00C04F79EFBC}") = "Core", "Core\Core.csproj", "{A80083C2-2EA9-4C3D-BB4E-7E99537B7717}"
EndProject
Project("{FAE04EC0-301F-11D3-BF4B-00C04F79EFBC}") = "Controllers", "Controllers\Controllers.csproj", "{59EF2BE5-5058-4634-BEE5-30C7688C3902}"
EndProject
Global
	GlobalSection(SolutionConfigurationPlatforms) = preSolution
		Debug|Any CPU = Debug|Any CPU
		Release|Any CPU = Release|Any CPU
	EndGlobalSection
	GlobalSection(ProjectConfigurationPlatforms) = postSolution
		{A80083C2-2EA9-4C3D-BB4E-7E99537B7717}.Debug|Any CPU.ActiveCfg = Debug|Any CPU
		{A80083C2-2EA9-4C3D-BB4E-7E99537B7717}.Debug|Any CPU.Build.0 = Debug|Any CPU
		{A80083C2-2EA9-4C3D-BB4E-7E99537B7717}.Release|Any CPU.ActiveCfg = Release|Any CPU
		{A80083C2-2EA9-4C3D-BB4E-7E99537B7717}.Release|Any CPU.Build.0 = Release|Any CPU
		{59EF2BE5-5058-4634-BEE5-30C7688C3902}.Debug|Any CPU.ActiveCfg = Debug|Any CPU
		{59EF2BE5-5058-4634-BEE5-30C7688C3902}.Debug|Any CPU.Build.0 = Debug|Any CPU
		{59EF2BE5-5058-4634-BEE5-30C7688C3902}.Release|Any CPU.ActiveCfg = Release|Any CPU
		{59EF2BE5-5058-4634-BEE5-30C7688C3902}.Release|Any CPU.Build.0 = Release|Any CPU
	EndGlobalSection
EndGlobal
